
Microsoft Visual Studio Solution File, Format Version 12.00
# Visual Studio Version 17
VisualStudioVersion = 17.5.33627.172
MinimumVisualStudioVersion = 10.0.40219.1
Project("{FAE04EC0-301F-11D3-BF4B-00C04F79EFBC}") = "OverloadClasses", "OverloadClasses\OverloadClasses.csproj", "{27CF4DE2-E828-4723-B6DB-E8D163FEDC8D}"
EndProject
Global
	GlobalSection(SolutionConfigurationPlatforms) = preSolution
		Debug|Any CPU = Debug|Any CPU
		Release|Any CPU = Release|Any CPU
	EndGlobalSection
	GlobalSection(ProjectConfigurationPlatforms) = postSolution
		{27CF4DE2-E828-4723-B6DB-E8D163FEDC8D}.Debug|Any CPU.ActiveCfg = Debug|Any CPU
		{27CF4DE2-E828-4723-B6DB-E8D163FEDC8D}.Debug|Any CPU.Build.0 = Debug|Any CPU
		{27CF4DE2-E828-4723-B6DB-E8D163FEDC8D}.Release|Any CPU.ActiveCfg = Release|Any CPU
		{27CF4DE2-E828-4723-B6DB-E8D163FEDC8D}.Release|Any CPU.Build.0 = Release|Any CPU
	EndGlobalSection
	GlobalSection(SolutionProperties) = preSolution
		HideSolutionNode = FALSE
	EndGlobalSection
	GlobalSection(ExtensibilityGlobals) = postSolution
		SolutionGuid = {4DA43103-0596-4083-8BD4-6A7C55B50FFC}
	EndGlobalSection
EndGlobal
